{
  "name": "tangy-form-editor",
  "version": "1.2.0",
  "lockfileVersion": 1,
  "requires": true,
  "dependencies": {
    "@polymer/font-roboto": {
      "version": "3.0.0-pre.19",
      "resolved": "https://registry.npmjs.org/@polymer/font-roboto/-/font-roboto-3.0.0-pre.19.tgz",
      "integrity": "sha512-brLUbgLGzBVNlmHhpDHnWdPI6KNkHmTjtX+82dvHpeuUjPsey2uH4fFofWC+m29/yxY+GH5RGv493AfRUDcokQ==",
      "dev": true
    },
    "@polymer/iron-a11y-announcer": {
      "version": "3.0.0-pre.21",
      "resolved": "https://registry.npmjs.org/@polymer/iron-a11y-announcer/-/iron-a11y-announcer-3.0.0-pre.21.tgz",
      "integrity": "sha512-n35ck7y5aQweRxK2JvEe7sFE/LbUd/b5EW8tYPa/96iZw1qcTHWtIKdMJjDH18YroKVFH4Ncz4/0Xg7GChLhvA==",
      "requires": {
        "@polymer/polymer": "^3.0.0"
      }
    },
    "@polymer/iron-a11y-keys-behavior": {
      "version": "3.0.0-pre.21",
      "resolved": "https://registry.npmjs.org/@polymer/iron-a11y-keys-behavior/-/iron-a11y-keys-behavior-3.0.0-pre.21.tgz",
      "integrity": "sha512-fdADeKVQsZ7Izg5H6pOM9VVFWMTVUGgMfGr6jzEW0ehZT6N7bTzBIjft2r8sh3qSx2zCUxQEgUUDoeXE9/yROA==",
      "requires": {
        "@polymer/polymer": "^3.0.0"
      }
    },
    "@polymer/iron-autogrow-textarea": {
      "version": "3.0.0-pre.21",
      "resolved": "https://registry.npmjs.org/@polymer/iron-autogrow-textarea/-/iron-autogrow-textarea-3.0.0-pre.21.tgz",
      "integrity": "sha512-sMpNcSeq0lR54y4K+tWbK6WI1e8Fbl7JRXWfIOFQuggzKRQf/snSpTTJicgGRgDmctt7kNQOh/r1XQelLdPcZg==",
      "requires": {
        "@polymer/iron-behaviors": "^3.0.0-pre.21",
        "@polymer/iron-flex-layout": "^3.0.0-pre.21",
        "@polymer/iron-validatable-behavior": "^3.0.0-pre.21",
        "@polymer/polymer": "^3.0.0"
      },
      "dependencies": {
        "@polymer/iron-flex-layout": {
          "version": "3.0.0-pre.21",
          "resolved": "https://registry.npmjs.org/@polymer/iron-flex-layout/-/iron-flex-layout-3.0.0-pre.21.tgz",
          "integrity": "sha512-/GFBWLBhpzycXmdyS+rzQxCa/ssCX5ZGEa0M/oMRsUK/hUKrj/XBNNYZ3BlyHf2NHELNqnwZLcIZB5EPjA0uwg==",
          "requires": {
            "@polymer/polymer": "^3.0.0"
          }
        }
      }
    },
    "@polymer/iron-behaviors": {
      "version": "3.0.0-pre.21",
      "resolved": "https://registry.npmjs.org/@polymer/iron-behaviors/-/iron-behaviors-3.0.0-pre.21.tgz",
      "integrity": "sha512-sxdLri6CMNs6kty8sPDYGuAX9LofbEn2r/qI3QkJZUXFZhZUSGwCmoDt9yMWffNSamUsEDURLafYW09jOEhtRQ==",
      "requires": {
        "@polymer/iron-a11y-keys-behavior": "^3.0.0-pre.21",
        "@polymer/polymer": "^3.0.0"
      }
    },
    "@polymer/iron-checked-element-behavior": {
      "version": "3.0.0-pre.21",
      "resolved": "https://registry.npmjs.org/@polymer/iron-checked-element-behavior/-/iron-checked-element-behavior-3.0.0-pre.21.tgz",
      "integrity": "sha512-ZpyKomXudcOM1vGvfqwFkrlTumChStbNy5rRFKbdCbsUeZsXV83LIHfkXxMhJJ5hEIExvK4pDcnv/wEdFggXPQ==",
      "requires": {
        "@polymer/iron-form-element-behavior": "^3.0.0-pre.21",
        "@polymer/iron-validatable-behavior": "^3.0.0-pre.21",
        "@polymer/polymer": "^3.0.0"
      }
    },
    "@polymer/iron-demo-helpers": {
      "version": "3.0.0-pre.19",
      "resolved": "https://registry.npmjs.org/@polymer/iron-demo-helpers/-/iron-demo-helpers-3.0.0-pre.19.tgz",
      "integrity": "sha512-FHSqM63dVFJWxO9p1rZLWfyISTN/Qc4uCKOppFsz6ipJAu/JWFdYEoPipCl5Em3YOfhY90TFDC6Xy06kA5Lkig==",
      "dev": true,
      "requires": {
        "@polymer/font-roboto": "^3.0.0-pre.19",
        "@polymer/iron-flex-layout": "^3.0.0-pre.19",
        "@polymer/iron-location": "^3.0.0-pre.19",
        "@polymer/marked-element": "^3.0.0-pre.19",
        "@polymer/polymer": "^3.0.0",
        "@polymer/prism-element": "^3.0.0-pre.19"
      }
    },
    "@polymer/iron-flex-layout": {
      "version": "3.0.0-pre.19",
      "resolved": "https://registry.npmjs.org/@polymer/iron-flex-layout/-/iron-flex-layout-3.0.0-pre.19.tgz",
      "integrity": "sha512-EZ25vUjmZXLc0hKJj338Ec1fQwemBsfe+Zo5d6ThzJzoSq72uGlZ8deLYNiAhIw6UZZxWttXcN6c/2kZ4qV18A==",
      "dev": true,
      "requires": {
        "@polymer/polymer": "^3.0.0"
      }
    },
    "@polymer/iron-form-element-behavior": {
      "version": "3.0.0-pre.21",
      "resolved": "https://registry.npmjs.org/@polymer/iron-form-element-behavior/-/iron-form-element-behavior-3.0.0-pre.21.tgz",
      "integrity": "sha512-E9oS0ryZw7FPQ/XMmBaKScyv8l/z86kKpIfXm+WLbqapu5FIuNE54z/73QUs5uoKI+H8gR9UL48mzZGCiGEMDw==",
      "requires": {
        "@polymer/polymer": "^3.0.0"
      }
    },
    "@polymer/iron-icon": {
      "version": "3.0.0-pre.21",
      "resolved": "https://registry.npmjs.org/@polymer/iron-icon/-/iron-icon-3.0.0-pre.21.tgz",
      "integrity": "sha512-B/6ncM/JiKYOCkYtIsgztZuMzmMWAR5POGQ0r7TU0RaBzKstqTvn6NfRHeNzYjsOwBMse/wA6/qvgvCRgx6kWw==",
      "requires": {
        "@polymer/iron-flex-layout": "^3.0.0-pre.21",
        "@polymer/iron-meta": "^3.0.0-pre.21",
        "@polymer/polymer": "^3.0.0"
      },
      "dependencies": {
        "@polymer/iron-flex-layout": {
          "version": "3.0.0-pre.21",
          "resolved": "https://registry.npmjs.org/@polymer/iron-flex-layout/-/iron-flex-layout-3.0.0-pre.21.tgz",
          "integrity": "sha512-/GFBWLBhpzycXmdyS+rzQxCa/ssCX5ZGEa0M/oMRsUK/hUKrj/XBNNYZ3BlyHf2NHELNqnwZLcIZB5EPjA0uwg==",
          "requires": {
            "@polymer/polymer": "^3.0.0"
          }
        }
      }
    },
    "@polymer/iron-icons": {
      "version": "3.0.0-pre.21",
      "resolved": "https://registry.npmjs.org/@polymer/iron-icons/-/iron-icons-3.0.0-pre.21.tgz",
      "integrity": "sha512-ExwaHlToVXl3BN3y2sYiutVqf9+vrnVx8/PdaNkwvDaBt1RTyeGN5EP3YGvKsaF17yq9TlJsnLOANvf1koO/XA==",
      "requires": {
        "@polymer/iron-icon": "^3.0.0-pre.21",
        "@polymer/iron-iconset-svg": "^3.0.0-pre.21",
        "@polymer/polymer": "^3.0.0"
      }
    },
    "@polymer/iron-iconset-svg": {
      "version": "3.0.0-pre.21",
      "resolved": "https://registry.npmjs.org/@polymer/iron-iconset-svg/-/iron-iconset-svg-3.0.0-pre.21.tgz",
      "integrity": "sha512-YWdX3QROFHKsGds9wUDbD2u1hN6uG6oG4fEu/F16aHFQg9tu2oiSyRspGsOQlXJ28177Qc2rxQ1Kp8GdlzpMbw==",
      "requires": {
        "@polymer/iron-meta": "^3.0.0-pre.21",
        "@polymer/polymer": "^3.0.0"
      }
    },
    "@polymer/iron-image": {
      "version": "3.0.0-pre.21",
      "resolved": "https://registry.npmjs.org/@polymer/iron-image/-/iron-image-3.0.0-pre.21.tgz",
      "integrity": "sha512-2gYmp4D/W6CEWdSIqajE85bm0wYTK49doKSFFsehnO8E7/DINV1PyS9yuH/Y9g+iHiWLFwFm/dYPkLbfMa+Fwg==",
      "requires": {
        "@polymer/polymer": "^3.0.0"
      }
    },
    "@polymer/iron-input": {
      "version": "3.0.0-pre.21",
      "resolved": "https://registry.npmjs.org/@polymer/iron-input/-/iron-input-3.0.0-pre.21.tgz",
      "integrity": "sha512-76XxEoP6rugsEma+V1nIV8Nd76hqhseQ+bBf6Sgda69bUvanxCmVs4TOVXSnh3SnfptBUfENVws3akJKrTgoLg==",
      "requires": {
        "@polymer/iron-a11y-announcer": "^3.0.0-pre.21",
        "@polymer/iron-validatable-behavior": "^3.0.0-pre.21",
        "@polymer/polymer": "^3.0.0"
      }
    },
    "@polymer/iron-location": {
      "version": "3.0.0-pre.19",
      "resolved": "https://registry.npmjs.org/@polymer/iron-location/-/iron-location-3.0.0-pre.19.tgz",
      "integrity": "sha512-VGL1TGrnSPXmbMtHo2pazY8fhg3lKLGC6pOeMdwk8fMHDurfO7atVHjlcVLKrCDB7L38rqNN+af6HRSCrHJ7/A==",
      "dev": true,
      "requires": {
        "@polymer/polymer": "^3.0.0"
      }
    },
    "@polymer/iron-menu-behavior": {
      "version": "3.0.0-pre.21",
      "resolved": "https://registry.npmjs.org/@polymer/iron-menu-behavior/-/iron-menu-behavior-3.0.0-pre.21.tgz",
      "integrity": "sha512-HYd2YTLFAvOQ1Q8+eEE0imPpo+l/MPTtyh7jR14JuphWjCLzv/S0gba+CTmsVGKozLIkI+eDH2WwDLaP2q+76A==",
      "requires": {
        "@polymer/iron-a11y-keys-behavior": "^3.0.0-pre.21",
        "@polymer/iron-flex-layout": "^3.0.0-pre.21",
        "@polymer/iron-selector": "^3.0.0-pre.21",
        "@polymer/polymer": "^3.0.0"
      },
      "dependencies": {
        "@polymer/iron-flex-layout": {
          "version": "3.0.0-pre.21",
          "resolved": "https://registry.npmjs.org/@polymer/iron-flex-layout/-/iron-flex-layout-3.0.0-pre.21.tgz",
          "integrity": "sha512-/GFBWLBhpzycXmdyS+rzQxCa/ssCX5ZGEa0M/oMRsUK/hUKrj/XBNNYZ3BlyHf2NHELNqnwZLcIZB5EPjA0uwg==",
          "requires": {
            "@polymer/polymer": "^3.0.0"
          }
        }
      }
    },
    "@polymer/iron-meta": {
      "version": "3.0.0-pre.21",
      "resolved": "https://registry.npmjs.org/@polymer/iron-meta/-/iron-meta-3.0.0-pre.21.tgz",
      "integrity": "sha512-RR24zD2t4rSJyjisMo5Cfy200FFYrsmRDZSX8wk1JdaDHVWLgq9DM1aa7/B7WI7sEWkckzVZPBthRFVB+PmVwA==",
      "requires": {
        "@polymer/polymer": "^3.0.0"
      }
    },
    "@polymer/iron-range-behavior": {
      "version": "3.0.0-pre.21",
      "resolved": "https://registry.npmjs.org/@polymer/iron-range-behavior/-/iron-range-behavior-3.0.0-pre.21.tgz",
      "integrity": "sha512-2Fehcs9onjKIw18KivnOdH40sjy7Sn4l5OhCr8Zu7QBcB3MSBUxyEorRerzh3hVmUB5Y4WwXVFCCmz3SoEGoiA==",
      "requires": {
        "@polymer/polymer": "^3.0.0"
      }
    },
    "@polymer/iron-resizable-behavior": {
      "version": "3.0.0-pre.21",
      "resolved": "https://registry.npmjs.org/@polymer/iron-resizable-behavior/-/iron-resizable-behavior-3.0.0-pre.21.tgz",
      "integrity": "sha512-V27DpRXUofbz8K43U5ITC2N/LIrqIrrmaslNxrnasTheiDiienpZDFBTCjO+eGz61Cijjs39VIEYF9TezbDY8A==",
      "requires": {
        "@polymer/polymer": "^3.0.0"
      }
    },
    "@polymer/iron-selector": {
      "version": "3.0.0-pre.21",
      "resolved": "https://registry.npmjs.org/@polymer/iron-selector/-/iron-selector-3.0.0-pre.21.tgz",
      "integrity": "sha512-vfBRGY1EggP/mk7AbZAzVfYaPVh+ZCcH4mX8QccW8ZTrU0F6QXhoPAgss0gAFc+pz79C3irqDfVvoViQrmOUDw==",
      "requires": {
        "@polymer/polymer": "^3.0.0"
      }
    },
    "@polymer/iron-validatable-behavior": {
      "version": "3.0.0-pre.21",
      "resolved": "https://registry.npmjs.org/@polymer/iron-validatable-behavior/-/iron-validatable-behavior-3.0.0-pre.21.tgz",
      "integrity": "sha512-G4yxCe2xp9+jJ0MkjqC26MKo1FqsvUrnmqpCtJiVBLlpZEUx1b2lZz2ZzynXpnisg9EuZ3xtHtOge5UFTNoG+w==",
      "requires": {
        "@polymer/iron-meta": "^3.0.0-pre.21",
        "@polymer/polymer": "^3.0.0"
      }
    },
    "@polymer/marked-element": {
      "version": "3.0.0-pre.19",
      "resolved": "https://registry.npmjs.org/@polymer/marked-element/-/marked-element-3.0.0-pre.19.tgz",
      "integrity": "sha512-8MBsM7vXVTvu6rQ7LaGy2Ti1d9su1jYcCLl1XUl7Xd/pcdXlpPvlZflT03Wp9QiCJt76igdl6n4DIkPLhSmvzw==",
      "dev": true,
      "requires": {
        "@polymer/polymer": "^3.0.0",
        "marked": "~0.3.9"
      }
    },
    "@polymer/paper-behaviors": {
      "version": "3.0.0-pre.21",
      "resolved": "https://registry.npmjs.org/@polymer/paper-behaviors/-/paper-behaviors-3.0.0-pre.21.tgz",
      "integrity": "sha512-CiS/1K9b+b5qxpykr5P/ZeO5le06H7aaR/ymPWJ/m0ioFcSyzRPWlEwjDwiqqCBCmwmdsLXvLYmB2Z6oLiXqPQ==",
      "requires": {
        "@polymer/iron-behaviors": "^3.0.0-pre.21",
        "@polymer/iron-checked-element-behavior": "^3.0.0-pre.21",
        "@polymer/paper-ripple": "^3.0.0-pre.21",
        "@polymer/polymer": "^3.0.0"
      }
    },
    "@polymer/paper-button": {
      "version": "3.0.0-pre.21",
      "resolved": "https://registry.npmjs.org/@polymer/paper-button/-/paper-button-3.0.0-pre.21.tgz",
      "integrity": "sha512-V4GBy/3MK0uA3XRwds87XxCCGVUdsSi4gzCw4wBXtJdPF/nUr/mWPgUcQO7bx4Yz7Bih7PxYcRPSPN5lucMjRw==",
      "requires": {
        "@polymer/iron-flex-layout": "^3.0.0-pre.21",
        "@polymer/paper-behaviors": "^3.0.0-pre.21",
        "@polymer/paper-styles": "^3.0.0-pre.21",
        "@polymer/polymer": "^3.0.0"
      },
      "dependencies": {
        "@polymer/iron-flex-layout": {
          "version": "3.0.0-pre.21",
          "resolved": "https://registry.npmjs.org/@polymer/iron-flex-layout/-/iron-flex-layout-3.0.0-pre.21.tgz",
          "integrity": "sha512-/GFBWLBhpzycXmdyS+rzQxCa/ssCX5ZGEa0M/oMRsUK/hUKrj/XBNNYZ3BlyHf2NHELNqnwZLcIZB5EPjA0uwg==",
          "requires": {
            "@polymer/polymer": "^3.0.0"
          }
        }
      }
    },
    "@polymer/paper-card": {
      "version": "3.0.0-pre.21",
      "resolved": "https://registry.npmjs.org/@polymer/paper-card/-/paper-card-3.0.0-pre.21.tgz",
      "integrity": "sha512-HWV+zSt8znSOX9XquELsxh+hBWrisXmB8AaS5d6+gXodQ2SXPp00ViS3Yh1EcrR/8sIAknqHVlCvTVCHrDVW2g==",
      "requires": {
        "@polymer/iron-flex-layout": "^3.0.0-pre.21",
        "@polymer/iron-image": "^3.0.0-pre.21",
        "@polymer/paper-styles": "^3.0.0-pre.21",
        "@polymer/polymer": "^3.0.0"
      },
      "dependencies": {
        "@polymer/iron-flex-layout": {
          "version": "3.0.0-pre.21",
          "resolved": "https://registry.npmjs.org/@polymer/iron-flex-layout/-/iron-flex-layout-3.0.0-pre.21.tgz",
          "integrity": "sha512-/GFBWLBhpzycXmdyS+rzQxCa/ssCX5ZGEa0M/oMRsUK/hUKrj/XBNNYZ3BlyHf2NHELNqnwZLcIZB5EPjA0uwg==",
          "requires": {
            "@polymer/polymer": "^3.0.0"
          }
        }
      }
    },
    "@polymer/paper-checkbox": {
      "version": "3.0.0-pre.21",
      "resolved": "https://registry.npmjs.org/@polymer/paper-checkbox/-/paper-checkbox-3.0.0-pre.21.tgz",
      "integrity": "sha512-hse+QWlc0PhMeEc8t9cD42hCwfclezp+aGl2MVNnzu5YE/fiUeBx/joSIq6v2Q4O/PuXiqVOmLBX+MPqtv6/dA==",
      "requires": {
        "@polymer/iron-a11y-keys-behavior": "^3.0.0-pre.21",
        "@polymer/iron-checked-element-behavior": "^3.0.0-pre.21",
        "@polymer/paper-behaviors": "^3.0.0-pre.21",
        "@polymer/paper-ripple": "^3.0.0-pre.21",
        "@polymer/paper-styles": "^3.0.0-pre.21",
        "@polymer/polymer": "^3.0.0"
      }
    },
    "@polymer/paper-fab": {
      "version": "3.0.0-pre.21",
      "resolved": "https://registry.npmjs.org/@polymer/paper-fab/-/paper-fab-3.0.0-pre.21.tgz",
      "integrity": "sha512-Z8gRabgrOqNGCYmlzYchmCxiMI6spy7Y9ab32cEbNZUefX1FCA/nczBiPZc/pUMZazEIqTAzN2FtaptpAR8y4w==",
      "requires": {
        "@polymer/iron-flex-layout": "^3.0.0-pre.21",
        "@polymer/iron-icon": "^3.0.0-pre.21",
        "@polymer/paper-behaviors": "^3.0.0-pre.21",
        "@polymer/paper-styles": "^3.0.0-pre.21",
        "@polymer/polymer": "^3.0.0"
      },
      "dependencies": {
        "@polymer/iron-flex-layout": {
          "version": "3.0.0-pre.21",
          "resolved": "https://registry.npmjs.org/@polymer/iron-flex-layout/-/iron-flex-layout-3.0.0-pre.21.tgz",
          "integrity": "sha512-/GFBWLBhpzycXmdyS+rzQxCa/ssCX5ZGEa0M/oMRsUK/hUKrj/XBNNYZ3BlyHf2NHELNqnwZLcIZB5EPjA0uwg==",
          "requires": {
            "@polymer/polymer": "^3.0.0"
          }
        }
      }
    },
    "@polymer/paper-icon-button": {
      "version": "3.0.0-pre.21",
      "resolved": "https://registry.npmjs.org/@polymer/paper-icon-button/-/paper-icon-button-3.0.0-pre.21.tgz",
      "integrity": "sha512-H+kx7v6R7+Hd6A6hSt+bsCMzbTPArty8yGFqTKpjsvGFCVfRHcIwoKrHqgQ0CX/JHmn2Zs+tF0IIdtiHjJYegg==",
      "requires": {
        "@polymer/iron-icon": "^3.0.0-pre.21",
        "@polymer/paper-behaviors": "^3.0.0-pre.21",
        "@polymer/paper-styles": "^3.0.0-pre.21",
        "@polymer/polymer": "^3.0.0"
      }
    },
    "@polymer/paper-input": {
      "version": "3.0.0-pre.21",
      "resolved": "https://registry.npmjs.org/@polymer/paper-input/-/paper-input-3.0.0-pre.21.tgz",
      "integrity": "sha512-xBRiy9QHS47Yfkv+242qRr1KFvoI1t7VS6kl+fr/pF3fS4WCT4T0oNOaDoOaj7iMmGSRPOgE2Y2+0FC0pl2yIw==",
      "requires": {
        "@polymer/iron-a11y-keys-behavior": "^3.0.0-pre.21",
        "@polymer/iron-autogrow-textarea": "^3.0.0-pre.21",
        "@polymer/iron-behaviors": "^3.0.0-pre.21",
        "@polymer/iron-form-element-behavior": "^3.0.0-pre.21",
        "@polymer/iron-input": "^3.0.0-pre.21",
        "@polymer/paper-styles": "^3.0.0-pre.21",
        "@polymer/polymer": "^3.0.0"
      }
    },
    "@polymer/paper-item": {
      "version": "3.0.0-pre.21",
      "resolved": "https://registry.npmjs.org/@polymer/paper-item/-/paper-item-3.0.0-pre.21.tgz",
      "integrity": "sha512-B1VsZWM1wksV7TUmo6TVaAoXncwOnckSxtiZAmUlu+F50MbD8QgddM0Y+/vhEBAx9org4P++WFJSci2Q3btTSw==",
      "requires": {
        "@polymer/iron-behaviors": "^3.0.0-pre.21",
        "@polymer/iron-flex-layout": "^3.0.0-pre.21",
        "@polymer/paper-styles": "^3.0.0-pre.21",
        "@polymer/polymer": "^3.0.0"
      },
      "dependencies": {
        "@polymer/iron-flex-layout": {
          "version": "3.0.0-pre.21",
          "resolved": "https://registry.npmjs.org/@polymer/iron-flex-layout/-/iron-flex-layout-3.0.0-pre.21.tgz",
          "integrity": "sha512-/GFBWLBhpzycXmdyS+rzQxCa/ssCX5ZGEa0M/oMRsUK/hUKrj/XBNNYZ3BlyHf2NHELNqnwZLcIZB5EPjA0uwg==",
          "requires": {
            "@polymer/polymer": "^3.0.0"
          }
        }
      }
    },
    "@polymer/paper-progress": {
      "version": "3.0.0-pre.21",
      "resolved": "https://registry.npmjs.org/@polymer/paper-progress/-/paper-progress-3.0.0-pre.21.tgz",
      "integrity": "sha512-U4uEaU77uJexdu9qPxMiiZDnD/OHSjKHTmgjyNqDzrF+Qzt4WKJtv2fsBXFf4kXvQgIXwIQBMBjn8uXXo4TrTw==",
      "requires": {
        "@polymer/iron-flex-layout": "^3.0.0-pre.21",
        "@polymer/iron-range-behavior": "^3.0.0-pre.21",
        "@polymer/paper-styles": "^3.0.0-pre.21",
        "@polymer/polymer": "^3.0.0"
      },
      "dependencies": {
        "@polymer/iron-flex-layout": {
          "version": "3.0.0-pre.21",
          "resolved": "https://registry.npmjs.org/@polymer/iron-flex-layout/-/iron-flex-layout-3.0.0-pre.21.tgz",
          "integrity": "sha512-/GFBWLBhpzycXmdyS+rzQxCa/ssCX5ZGEa0M/oMRsUK/hUKrj/XBNNYZ3BlyHf2NHELNqnwZLcIZB5EPjA0uwg==",
          "requires": {
            "@polymer/polymer": "^3.0.0"
          }
        }
      }
    },
    "@polymer/paper-radio-button": {
      "version": "3.0.0-pre.21",
      "resolved": "https://registry.npmjs.org/@polymer/paper-radio-button/-/paper-radio-button-3.0.0-pre.21.tgz",
      "integrity": "sha512-tfHl08k/xTobtPadBF7DBX53ybMa/p6uRXDPBIfWFXXzA3sEuuwKa25z8KqLMcpMkrZDHiaIcwxD9lAK5oEXeg==",
      "requires": {
        "@polymer/iron-checked-element-behavior": "^3.0.0-pre.21",
        "@polymer/iron-flex-layout": "^3.0.0-pre.21",
        "@polymer/paper-behaviors": "^3.0.0-pre.21",
        "@polymer/paper-styles": "^3.0.0-pre.21",
        "@polymer/polymer": "^3.0.0"
      },
      "dependencies": {
        "@polymer/iron-flex-layout": {
          "version": "3.0.0-pre.21",
          "resolved": "https://registry.npmjs.org/@polymer/iron-flex-layout/-/iron-flex-layout-3.0.0-pre.21.tgz",
          "integrity": "sha512-/GFBWLBhpzycXmdyS+rzQxCa/ssCX5ZGEa0M/oMRsUK/hUKrj/XBNNYZ3BlyHf2NHELNqnwZLcIZB5EPjA0uwg==",
          "requires": {
            "@polymer/polymer": "^3.0.0"
          }
        }
      }
    },
    "@polymer/paper-radio-group": {
      "version": "3.0.0-pre.21",
      "resolved": "https://registry.npmjs.org/@polymer/paper-radio-group/-/paper-radio-group-3.0.0-pre.21.tgz",
      "integrity": "sha512-sUxtgILE24jISZiXn/g5V44YuqXm623/4Ixe5CwJoG+Nfxsq+OCHJGJQc8KyyIrM380QAT1E6mZYyiH4X3P2Ag==",
      "requires": {
        "@polymer/iron-a11y-keys-behavior": "^3.0.0-pre.21",
        "@polymer/iron-menu-behavior": "^3.0.0-pre.21",
        "@polymer/paper-radio-button": "^3.0.0-pre.21",
        "@polymer/polymer": "^3.0.0"
      }
    },
    "@polymer/paper-ripple": {
      "version": "3.0.0-pre.21",
      "resolved": "https://registry.npmjs.org/@polymer/paper-ripple/-/paper-ripple-3.0.0-pre.21.tgz",
      "integrity": "sha512-qqNdU1/57WtMr+3NiAVI2zXw4LrEX9QD9jwifIgJXWj+lqe0YMeKrXOvCYHvV8nv9Owq7dRGvhOXM++E+imoLQ==",
      "requires": {
        "@polymer/iron-a11y-keys-behavior": "^3.0.0-pre.21",
        "@polymer/polymer": "^3.0.0"
      }
    },
    "@polymer/paper-styles": {
      "version": "3.0.0-pre.21",
      "resolved": "https://registry.npmjs.org/@polymer/paper-styles/-/paper-styles-3.0.0-pre.21.tgz",
      "integrity": "sha512-GJB0EirkY17N05kbTMDa8aABvQ2GIE95LMt7aOy16VG6sjh1TFS0gUOnoGgHA7ZUUZsOP3BdNqxKYzgQ+9m/GA==",
      "requires": {
        "@polymer/font-roboto": "^3.0.0-pre.21",
        "@polymer/iron-flex-layout": "^3.0.0-pre.21",
        "@polymer/polymer": "^3.0.0"
      },
      "dependencies": {
        "@polymer/font-roboto": {
          "version": "3.0.0-pre.21",
          "resolved": "https://registry.npmjs.org/@polymer/font-roboto/-/font-roboto-3.0.0-pre.21.tgz",
          "integrity": "sha512-1DnYDaoyTeSmZzocj7jhHS8tM1j+FJNTrMEOyudLKF8sqGzmlz48XyMRbt4RL4pO9szz5vJ8xhS+4WUPHFj9OA=="
        },
        "@polymer/iron-flex-layout": {
          "version": "3.0.0-pre.21",
          "resolved": "https://registry.npmjs.org/@polymer/iron-flex-layout/-/iron-flex-layout-3.0.0-pre.21.tgz",
          "integrity": "sha512-/GFBWLBhpzycXmdyS+rzQxCa/ssCX5ZGEa0M/oMRsUK/hUKrj/XBNNYZ3BlyHf2NHELNqnwZLcIZB5EPjA0uwg==",
          "requires": {
            "@polymer/polymer": "^3.0.0"
          }
        }
      }
    },
    "@polymer/paper-tabs": {
      "version": "3.0.0-pre.21",
      "resolved": "https://registry.npmjs.org/@polymer/paper-tabs/-/paper-tabs-3.0.0-pre.21.tgz",
      "integrity": "sha512-kxjTRrieGNggKwSI4iGLghxeTWsH81udPqa/GWXr3jBAVhdHxJ11ebpi0af4ES6sUWFEoAPsSA8PWM8aHRx3xw==",
      "requires": {
        "@polymer/iron-behaviors": "^3.0.0-pre.21",
        "@polymer/iron-flex-layout": "^3.0.0-pre.21",
        "@polymer/iron-icon": "^3.0.0-pre.21",
        "@polymer/iron-iconset-svg": "^3.0.0-pre.21",
        "@polymer/iron-menu-behavior": "^3.0.0-pre.21",
        "@polymer/iron-resizable-behavior": "^3.0.0-pre.21",
        "@polymer/paper-behaviors": "^3.0.0-pre.21",
        "@polymer/paper-icon-button": "^3.0.0-pre.21",
        "@polymer/paper-styles": "^3.0.0-pre.21",
        "@polymer/polymer": "^3.0.0"
      },
      "dependencies": {
        "@polymer/iron-flex-layout": {
          "version": "3.0.0-pre.21",
          "resolved": "https://registry.npmjs.org/@polymer/iron-flex-layout/-/iron-flex-layout-3.0.0-pre.21.tgz",
          "integrity": "sha512-/GFBWLBhpzycXmdyS+rzQxCa/ssCX5ZGEa0M/oMRsUK/hUKrj/XBNNYZ3BlyHf2NHELNqnwZLcIZB5EPjA0uwg==",
          "requires": {
            "@polymer/polymer": "^3.0.0"
          }
        }
      }
    },
    "@polymer/paper-toggle-button": {
      "version": "3.0.0-pre.21",
      "resolved": "https://registry.npmjs.org/@polymer/paper-toggle-button/-/paper-toggle-button-3.0.0-pre.21.tgz",
      "integrity": "sha512-UfqfadDFlOdkqzypSOQCTjxyvhztpbMGs9i/WXYz/UN2iTa9TenbjPxx6MQf4/XCssHoh2dNR7uqWsDxA59Eog==",
      "requires": {
        "@polymer/iron-checked-element-behavior": "^3.0.0-pre.21",
        "@polymer/paper-behaviors": "^3.0.0-pre.21",
        "@polymer/paper-styles": "^3.0.0-pre.21",
        "@polymer/polymer": "^3.0.0"
      }
    },
    "@polymer/polymer": {
      "version": "3.0.2",
      "resolved": "https://registry.npmjs.org/@polymer/polymer/-/polymer-3.0.2.tgz",
      "integrity": "sha512-ow8AAjTe9ps8bantY9IvL0PT+xHf5VN3Cjahfr7gBJAc0lv3jTwGBv7pso65SHyrUJEEHeakhx6iPMl7qY4tfw==",
      "requires": {
        "@webcomponents/shadycss": "^1.2.0"
      }
    },
    "@polymer/prism-element": {
      "version": "3.0.0-pre.19",
      "resolved": "https://registry.npmjs.org/@polymer/prism-element/-/prism-element-3.0.0-pre.19.tgz",
      "integrity": "sha512-daEXazFW4sjF+HP9M1kmaRV3oVqwl28g2D6uqzd2KpSse6GFuZJx+wRlisv24zF6xg5vMRaxPCdC6jdS7psoFg==",
      "dev": true,
      "requires": {
        "@polymer/polymer": "^3.0.0",
        "prismjs": "^1.11.0"
      }
    },
    "@polymer/sinonjs": {
      "version": "1.17.1",
      "resolved": "https://registry.npmjs.org/@polymer/sinonjs/-/sinonjs-1.17.1.tgz",
      "integrity": "sha512-/U8F/cOTrbF2iVVYgINYmvKbtbexs+89Q3v8AaHADRYabTg7aOZGOb0RyWpOI+sUJt04kj63U4FwMhzW5r4wZA==",
      "dev": true
    },
    "@polymer/sortable-list": {
      "version": "git://github.com/DrNiels/sortable-list.git#77875271257f5611d7459963eca47f8b52aabe53",
      "from": "git://github.com/DrNiels/sortable-list.git#polymer-3",
      "requires": {
        "@polymer/polymer": "^3.0.0"
      }
    },
    "@polymer/test-fixture": {
      "version": "3.0.0-pre.19",
      "resolved": "https://registry.npmjs.org/@polymer/test-fixture/-/test-fixture-3.0.0-pre.19.tgz",
      "integrity": "sha512-oyltfPEEPF8gzLxSv/CjieO9n0Uani567pcpmAk3IZeOMsFh9OFddZDYCwKx1e9I6lFe9557MaxQHM7EGhLaOQ==",
      "dev": true
    },
    "@webcomponents/shadycss": {
      "version": "1.3.1",
      "resolved": "https://registry.npmjs.org/@webcomponents/shadycss/-/shadycss-1.3.1.tgz",
      "integrity": "sha512-U/j4nODWIq0U9v0ll48dj4U4YgTqsVeRt0LKei0GA10JUpnZnORoIByY5+7m9G6KWIAj2mT9KtuUOnn7u93VXg=="
    },
    "@webcomponents/webcomponentsjs": {
      "version": "2.0.2",
      "resolved": "https://registry.npmjs.org/@webcomponents/webcomponentsjs/-/webcomponentsjs-2.0.2.tgz",
      "integrity": "sha512-+3515t7jnWsx+mNRECwXbjXBM0DLCNB4uH4DSIbu7akIJn0tO2GZuLvZeBhXbRFQLfohN+2ZTWT44A6EtPhVqA==",
      "dev": true
    },
    "abbrev": {
      "version": "1.1.1",
      "resolved": "https://registry.npmjs.org/abbrev/-/abbrev-1.1.1.tgz",
      "integrity": "sha512-nne9/IiQ/hzIhY6pdDnbBtz7DjPTKrY00P/zvPSm5pOFkl6xuGrGnXn/VtTNNfNtAfZ9/1RtehkszU9qcTii0Q=="
    },
    "accessibility-developer-tools": {
      "version": "2.12.0",
      "resolved": "https://registry.npmjs.org/accessibility-developer-tools/-/accessibility-developer-tools-2.12.0.tgz",
      "integrity": "sha1-PaDM6dbsY3OWS4TzXbfPw996tRQ=",
      "dev": true
    },
    "ace-builds": {
      "version": "1.3.3",
      "resolved": "https://registry.npmjs.org/ace-builds/-/ace-builds-1.3.3.tgz",
      "integrity": "sha512-PbSdoHw42kt5vaXkEVSfUYCd3K1BCfAvyXW9TvR/2ATkk65oImjS1v0evHmzHhOYPSTUO8BprvmpfYT9Vp2akA=="
    },
    "ansi-regex": {
      "version": "2.1.1",
      "resolved": "https://registry.npmjs.org/ansi-regex/-/ansi-regex-2.1.1.tgz",
      "integrity": "sha1-w7M6te42DYbg5ijwRorn7yfWVN8=",
      "dev": true
    },
    "ansi-styles": {
      "version": "2.2.1",
      "resolved": "https://registry.npmjs.org/ansi-styles/-/ansi-styles-2.2.1.tgz",
      "integrity": "sha1-tDLdM1i2NM914eRmQ2gkBTPB3b4=",
      "dev": true
    },
    "assertion-error": {
      "version": "1.1.0",
      "resolved": "https://registry.npmjs.org/assertion-error/-/assertion-error-1.1.0.tgz",
      "integrity": "sha512-jgsaNduz+ndvGyFt3uSuWqvy4lCnIJiovtouQN5JZHOKCS2QuhEdbcQHFhVksz2N2U9hXJo8odG7ETyWlEeuDw==",
      "dev": true
    },
    "async": {
      "version": "1.5.2",
      "resolved": "https://registry.npmjs.org/async/-/async-1.5.2.tgz",
      "integrity": "sha1-7GphrlZIDAw8skHJVhjiCJL5Zyo=",
      "dev": true
    },
    "balanced-match": {
      "version": "1.0.0",
      "resolved": "https://registry.npmjs.org/balanced-match/-/balanced-match-1.0.0.tgz",
      "integrity": "sha1-ibTRmasr7kneFk6gK4nORi1xt2c=",
      "dev": true
    },
    "bluebird": {
      "version": "3.5.1",
      "resolved": "https://registry.npmjs.org/bluebird/-/bluebird-3.5.1.tgz",
      "integrity": "sha512-MKiLiV+I1AA596t9w1sQJ8jkiSr5+ZKi0WKrYGUn6d1Fx+Ij4tIj+m2WMQSGczs5jZVxV339chE8iwk6F64wjA=="
    },
    "brace-expansion": {
      "version": "1.1.11",
      "resolved": "https://registry.npmjs.org/brace-expansion/-/brace-expansion-1.1.11.tgz",
      "integrity": "sha512-iCuPHDFgrHX7H2vEI/5xpz07zSHB00TpugqhmYtVmMO6518mCuRMoOYFldEBl0g187ufozdaHgWKcYFb61qGiA==",
      "dev": true,
      "requires": {
        "balanced-match": "^1.0.0",
        "concat-map": "0.0.1"
      }
    },
    "browser-stdout": {
      "version": "1.3.0",
      "resolved": "https://registry.npmjs.org/browser-stdout/-/browser-stdout-1.3.0.tgz",
      "integrity": "sha1-81HTKWnTL6XXpVZxVCY9korjvR8=",
      "dev": true
    },
    "chai": {
      "version": "3.5.0",
      "resolved": "https://registry.npmjs.org/chai/-/chai-3.5.0.tgz",
      "integrity": "sha1-TQJjewZ/6Vi9v906QOxW/vc3Mkc=",
      "dev": true,
      "requires": {
        "assertion-error": "^1.0.1",
        "deep-eql": "^0.1.3",
        "type-detect": "^1.0.0"
      }
    },
    "chalk": {
      "version": "1.1.3",
      "resolved": "https://registry.npmjs.org/chalk/-/chalk-1.1.3.tgz",
      "integrity": "sha1-qBFcVeSnAv5NFQq9OHKCKn4J/Jg=",
      "dev": true,
      "requires": {
        "ansi-styles": "^2.2.1",
        "escape-string-regexp": "^1.0.2",
        "has-ansi": "^2.0.0",
        "strip-ansi": "^3.0.0",
        "supports-color": "^2.0.0"
      },
      "dependencies": {
        "supports-color": {
          "version": "2.0.0",
          "resolved": "https://registry.npmjs.org/supports-color/-/supports-color-2.0.0.tgz",
          "integrity": "sha1-U10EXOa2Nj+kARcIRimZXp3zJMc=",
          "dev": true
        }
      }
    },
    "clipboard": {
      "version": "2.0.1",
      "resolved": "https://registry.npmjs.org/clipboard/-/clipboard-2.0.1.tgz",
      "integrity": "sha512-7yhQBmtN+uYZmfRjjVjKa0dZdWuabzpSKGtyQZN+9C8xlC788SSJjOHWh7tzurfwTqTD5UDYAhIv5fRJg3sHjQ==",
      "dev": true,
      "optional": true,
      "requires": {
        "good-listener": "^1.2.2",
        "select": "^1.1.2",
        "tiny-emitter": "^2.0.0"
      }
    },
    "commander": {
      "version": "2.9.0",
      "resolved": "https://registry.npmjs.org/commander/-/commander-2.9.0.tgz",
      "integrity": "sha1-nJkJQXbhIkDLItbFFGCYQA/g99Q=",
      "requires": {
        "graceful-readlink": ">= 1.0.0"
      }
    },
    "concat-map": {
      "version": "0.0.1",
      "resolved": "https://registry.npmjs.org/concat-map/-/concat-map-0.0.1.tgz",
      "integrity": "sha1-2Klr13/Wjfd5OnMDajug1UBdR3s=",
      "dev": true
    },
    "config-chain": {
      "version": "1.1.11",
      "resolved": "https://registry.npmjs.org/config-chain/-/config-chain-1.1.11.tgz",
      "integrity": "sha1-q6CXR9++TD5w52am5BWG4YWfxvI=",
      "requires": {
        "ini": "^1.3.4",
        "proto-list": "~1.2.1"
      }
    },
    "debug": {
      "version": "2.6.8",
      "resolved": "https://registry.npmjs.org/debug/-/debug-2.6.8.tgz",
      "integrity": "sha1-5zFTHKLt4n0YgiJCfaF4IdaP9Pw=",
      "dev": true,
      "requires": {
        "ms": "2.0.0"
      }
    },
    "deep-eql": {
      "version": "0.1.3",
      "resolved": "https://registry.npmjs.org/deep-eql/-/deep-eql-0.1.3.tgz",
      "integrity": "sha1-71WKyrjeJSBs1xOQbXTlaTDrafI=",
      "dev": true,
      "requires": {
        "type-detect": "0.1.1"
      },
      "dependencies": {
        "type-detect": {
          "version": "0.1.1",
          "resolved": "https://registry.npmjs.org/type-detect/-/type-detect-0.1.1.tgz",
          "integrity": "sha1-C6XsKohWQORw6k6FBZcZANrFiCI=",
          "dev": true
        }
      }
    },
    "delegate": {
      "version": "3.2.0",
      "resolved": "https://registry.npmjs.org/delegate/-/delegate-3.2.0.tgz",
      "integrity": "sha512-IofjkYBZaZivn0V8nnsMJGBr4jVLxHDheKSW88PyxS5QC4Vo9ZbZVvhzlSxY87fVq3STR6r+4cGepyHkcWOQSw==",
      "dev": true,
      "optional": true
    },
    "devtools-detect": {
      "version": "2.2.0",
      "resolved": "https://registry.npmjs.org/devtools-detect/-/devtools-detect-2.2.0.tgz",
      "integrity": "sha1-lb2SP+LlSw+S2RWV6CdT2QnuwxI="
    },
    "diff": {
      "version": "3.2.0",
      "resolved": "https://registry.npmjs.org/diff/-/diff-3.2.0.tgz",
      "integrity": "sha1-yc45Okt8vQsFinJck98pkCeGj/k=",
      "dev": true
    },
    "editorconfig": {
      "version": "0.13.3",
      "resolved": "https://registry.npmjs.org/editorconfig/-/editorconfig-0.13.3.tgz",
      "integrity": "sha512-WkjsUNVCu+ITKDj73QDvi0trvpdDWdkDyHybDGSXPfekLCqwmpD7CP7iPbvBgosNuLcI96XTDwNa75JyFl7tEQ==",
      "requires": {
        "bluebird": "^3.0.5",
        "commander": "^2.9.0",
        "lru-cache": "^3.2.0",
        "semver": "^5.1.0",
        "sigmund": "^1.0.1"
      }
    },
    "escape-string-regexp": {
      "version": "1.0.5",
      "resolved": "https://registry.npmjs.org/escape-string-regexp/-/escape-string-regexp-1.0.5.tgz",
      "integrity": "sha1-G2HAViGQqN/2rjuyzwIAyhMLhtQ=",
      "dev": true
    },
    "formatio": {
      "version": "1.1.1",
      "resolved": "https://registry.npmjs.org/formatio/-/formatio-1.1.1.tgz",
      "integrity": "sha1-XtPM1jZVEJc4NGXZlhmRAOhhYek=",
      "dev": true,
      "requires": {
        "samsam": "~1.1"
      }
    },
    "fs.realpath": {
      "version": "1.0.0",
      "resolved": "https://registry.npmjs.org/fs.realpath/-/fs.realpath-1.0.0.tgz",
      "integrity": "sha1-FQStJSMVjKpA20onh8sBQRmU6k8=",
      "dev": true
    },
    "glob": {
      "version": "7.1.1",
      "resolved": "https://registry.npmjs.org/glob/-/glob-7.1.1.tgz",
      "integrity": "sha1-gFIR3wT6rxxjo2ADBs31reULLsg=",
      "dev": true,
      "requires": {
        "fs.realpath": "^1.0.0",
        "inflight": "^1.0.4",
        "inherits": "2",
        "minimatch": "^3.0.2",
        "once": "^1.3.0",
        "path-is-absolute": "^1.0.0"
      }
    },
    "good-listener": {
      "version": "1.2.2",
      "resolved": "https://registry.npmjs.org/good-listener/-/good-listener-1.2.2.tgz",
      "integrity": "sha1-1TswzfkxPf+33JoNR3CWqm0UXFA=",
      "dev": true,
      "optional": true,
      "requires": {
        "delegate": "^3.1.2"
      }
    },
    "graceful-readlink": {
      "version": "1.0.1",
      "resolved": "https://registry.npmjs.org/graceful-readlink/-/graceful-readlink-1.0.1.tgz",
      "integrity": "sha1-TK+tdrxi8C+gObL5Tpo906ORpyU="
    },
    "growl": {
      "version": "1.9.2",
      "resolved": "https://registry.npmjs.org/growl/-/growl-1.9.2.tgz",
      "integrity": "sha1-Dqd0NxXbjY3ixe3hd14bRayFwC8=",
      "dev": true
    },
    "has-ansi": {
      "version": "2.0.0",
      "resolved": "https://registry.npmjs.org/has-ansi/-/has-ansi-2.0.0.tgz",
      "integrity": "sha1-NPUEnOHs3ysGSa8+8k5F7TVBbZE=",
      "dev": true,
      "requires": {
        "ansi-regex": "^2.0.0"
      }
    },
    "has-flag": {
      "version": "1.0.0",
      "resolved": "https://registry.npmjs.org/has-flag/-/has-flag-1.0.0.tgz",
      "integrity": "sha1-nZ55MWXOAXoA8AQYxD+UKnsdEfo=",
      "dev": true
    },
    "he": {
      "version": "1.1.1",
      "resolved": "https://registry.npmjs.org/he/-/he-1.1.1.tgz",
      "integrity": "sha1-k0EP0hsAlzUVH4howvJx80J+I/0=",
      "dev": true
    },
    "inflight": {
      "version": "1.0.6",
      "resolved": "https://registry.npmjs.org/inflight/-/inflight-1.0.6.tgz",
      "integrity": "sha1-Sb1jMdfQLQwJvJEKEHW6gWW1bfk=",
      "dev": true,
      "requires": {
        "once": "^1.3.0",
        "wrappy": "1"
      }
    },
    "inherits": {
      "version": "2.0.3",
      "resolved": "https://registry.npmjs.org/inherits/-/inherits-2.0.3.tgz",
      "integrity": "sha1-Yzwsg+PaQqUC9SRmAiSA9CCCYd4=",
      "dev": true
    },
    "ini": {
      "version": "1.3.5",
      "resolved": "https://registry.npmjs.org/ini/-/ini-1.3.5.tgz",
      "integrity": "sha512-RZY5huIKCMRWDUqZlEi72f/lmXKMvuszcMBduliQ3nnWbx9X/ZBQO7DijMEYS9EhHBb2qacRUMtC7svLwe0lcw=="
    },
    "js-beautify": {
      "version": "1.7.5",
      "resolved": "https://registry.npmjs.org/js-beautify/-/js-beautify-1.7.5.tgz",
      "integrity": "sha512-9OhfAqGOrD7hoQBLJMTA+BKuKmoEtTJXzZ7WDF/9gvjtey1koVLuZqIY6c51aPDjbNdNtIXAkiWKVhziawE9Og==",
      "requires": {
        "config-chain": "~1.1.5",
        "editorconfig": "^0.13.2",
        "mkdirp": "~0.5.0",
        "nopt": "~3.0.1"
      }
    },
    "js-tokens": {
      "version": "3.0.2",
      "resolved": "https://registry.npmjs.org/js-tokens/-/js-tokens-3.0.2.tgz",
      "integrity": "sha1-mGbfOVECEw449/mWvOtlRDIJwls="
    },
    "json3": {
      "version": "3.3.2",
      "resolved": "https://registry.npmjs.org/json3/-/json3-3.3.2.tgz",
      "integrity": "sha1-PAQ0dD35Pi9cQq7nsZvLSDV19OE=",
      "dev": true
    },
    "juicy-ace-editor": {
      "version": "git://github.com/Juicy/juicy-ace-editor.git#81fb43b9d1d0af12611ab305f0f804cac53bbba8",
      "from": "git://github.com/Juicy/juicy-ace-editor.git#ES6-modules",
      "requires": {
        "ace-builds": "^1.2.9"
      }
    },
    "lodash": {
      "version": "3.10.1",
      "resolved": "https://registry.npmjs.org/lodash/-/lodash-3.10.1.tgz",
      "integrity": "sha1-W/Rejkm6QYnhfUgnid/RW9FAt7Y=",
      "dev": true
    },
    "lodash._baseassign": {
      "version": "3.2.0",
      "resolved": "https://registry.npmjs.org/lodash._baseassign/-/lodash._baseassign-3.2.0.tgz",
      "integrity": "sha1-jDigmVAPIVrQnlnxci/QxSv+Ck4=",
      "dev": true,
      "requires": {
        "lodash._basecopy": "^3.0.0",
        "lodash.keys": "^3.0.0"
      }
    },
    "lodash._basecopy": {
      "version": "3.0.1",
      "resolved": "https://registry.npmjs.org/lodash._basecopy/-/lodash._basecopy-3.0.1.tgz",
      "integrity": "sha1-jaDmqHbPNEwK2KVIghEd08XHyjY=",
      "dev": true
    },
    "lodash._basecreate": {
      "version": "3.0.3",
      "resolved": "https://registry.npmjs.org/lodash._basecreate/-/lodash._basecreate-3.0.3.tgz",
      "integrity": "sha1-G8ZhYU2qf8MRt9A78WgGoCE8+CE=",
      "dev": true
    },
    "lodash._getnative": {
      "version": "3.9.1",
      "resolved": "https://registry.npmjs.org/lodash._getnative/-/lodash._getnative-3.9.1.tgz",
      "integrity": "sha1-VwvH3t5G1hzc3mh9ZdPuy6o6r/U=",
      "dev": true
    },
    "lodash._isiterateecall": {
      "version": "3.0.9",
      "resolved": "https://registry.npmjs.org/lodash._isiterateecall/-/lodash._isiterateecall-3.0.9.tgz",
      "integrity": "sha1-UgOte6Ql+uhCRg5pbbnPPmqsBXw=",
      "dev": true
    },
    "lodash.create": {
      "version": "3.1.1",
      "resolved": "https://registry.npmjs.org/lodash.create/-/lodash.create-3.1.1.tgz",
      "integrity": "sha1-1/KEnw29p+BGgruM1yqwIkYd6+c=",
      "dev": true,
      "requires": {
        "lodash._baseassign": "^3.0.0",
        "lodash._basecreate": "^3.0.0",
        "lodash._isiterateecall": "^3.0.0"
      }
    },
    "lodash.isarguments": {
      "version": "3.1.0",
      "resolved": "https://registry.npmjs.org/lodash.isarguments/-/lodash.isarguments-3.1.0.tgz",
      "integrity": "sha1-L1c9hcaiQon/AGY7SRwdM4/zRYo=",
      "dev": true
    },
    "lodash.isarray": {
      "version": "3.0.4",
      "resolved": "https://registry.npmjs.org/lodash.isarray/-/lodash.isarray-3.0.4.tgz",
      "integrity": "sha1-eeTriMNqgSKvhvhEqpvNhRtfu1U=",
      "dev": true
    },
    "lodash.keys": {
      "version": "3.1.2",
      "resolved": "https://registry.npmjs.org/lodash.keys/-/lodash.keys-3.1.2.tgz",
      "integrity": "sha1-TbwEcrFWvlCgsoaFXRvQsMZWCYo=",
      "dev": true,
      "requires": {
        "lodash._getnative": "^3.0.0",
        "lodash.isarguments": "^3.0.0",
        "lodash.isarray": "^3.0.0"
      }
    },
    "lolex": {
      "version": "1.3.2",
      "resolved": "https://registry.npmjs.org/lolex/-/lolex-1.3.2.tgz",
      "integrity": "sha1-fD2mL/yzDw9agKJWbKJORdigHzE=",
      "dev": true
    },
    "loose-envify": {
      "version": "1.3.1",
      "resolved": "https://registry.npmjs.org/loose-envify/-/loose-envify-1.3.1.tgz",
      "integrity": "sha1-0aitM/qc4OcT1l/dCsi3SNR4yEg=",
      "requires": {
        "js-tokens": "^3.0.0"
      }
    },
    "lru-cache": {
      "version": "3.2.0",
      "resolved": "https://registry.npmjs.org/lru-cache/-/lru-cache-3.2.0.tgz",
      "integrity": "sha1-cXibO39Tmb7IVl3aOKow0qCX7+4=",
      "requires": {
        "pseudomap": "^1.0.1"
      }
    },
    "marked": {
      "version": "0.3.19",
      "resolved": "https://registry.npmjs.org/marked/-/marked-0.3.19.tgz",
      "integrity": "sha512-ea2eGWOqNxPcXv8dyERdSr/6FmzvWwzjMxpfGB/sbMccXoct+xY+YukPD+QTUZwyvK7BZwcr4m21WBOW41pAkg==",
      "dev": true
    },
    "minimatch": {
      "version": "3.0.4",
      "resolved": "https://registry.npmjs.org/minimatch/-/minimatch-3.0.4.tgz",
      "integrity": "sha512-yJHVQEhyqPLUTgt9B83PXu6W3rx4MvvHvSUvToogpwoGDOUQ+yDrR0HRot+yOCdCO7u4hX3pWft6kWBBcqh0UA==",
      "dev": true,
      "requires": {
        "brace-expansion": "^1.1.7"
      }
    },
    "minimist": {
      "version": "0.0.8",
      "resolved": "https://registry.npmjs.org/minimist/-/minimist-0.0.8.tgz",
      "integrity": "sha1-hX/Kv8M5fSYluCKCYuhqp6ARsF0="
    },
    "mkdirp": {
      "version": "0.5.1",
      "resolved": "https://registry.npmjs.org/mkdirp/-/mkdirp-0.5.1.tgz",
      "integrity": "sha1-MAV0OOrGz3+MR2fzhkjWaX11yQM=",
      "requires": {
        "minimist": "0.0.8"
      }
    },
    "mocha": {
      "version": "3.5.3",
      "resolved": "https://registry.npmjs.org/mocha/-/mocha-3.5.3.tgz",
      "integrity": "sha512-/6na001MJWEtYxHOV1WLfsmR4YIynkUEhBwzsb+fk2qmQ3iqsi258l/Q2MWHJMImAcNpZ8DEdYAK72NHoIQ9Eg==",
      "dev": true,
      "requires": {
        "browser-stdout": "1.3.0",
        "commander": "2.9.0",
        "debug": "2.6.8",
        "diff": "3.2.0",
        "escape-string-regexp": "1.0.5",
        "glob": "7.1.1",
        "growl": "1.9.2",
        "he": "1.1.1",
        "json3": "3.3.2",
        "lodash.create": "3.1.1",
        "mkdirp": "0.5.1",
        "supports-color": "3.1.2"
      }
    },
    "ms": {
      "version": "2.0.0",
      "resolved": "https://registry.npmjs.org/ms/-/ms-2.0.0.tgz",
      "integrity": "sha1-VgiurfwAvmwpAd9fmGF4jeDVl8g=",
      "dev": true
    },
    "nopt": {
      "version": "3.0.6",
      "resolved": "https://registry.npmjs.org/nopt/-/nopt-3.0.6.tgz",
      "integrity": "sha1-xkZdvwirzU2zWTF/eaxopkayj/k=",
      "requires": {
        "abbrev": "1"
      }
    },
    "once": {
      "version": "1.4.0",
      "resolved": "https://registry.npmjs.org/once/-/once-1.4.0.tgz",
      "integrity": "sha1-WDsap3WWHUsROsF9nFC6753Xa9E=",
      "dev": true,
      "requires": {
        "wrappy": "1"
      }
    },
    "path-is-absolute": {
      "version": "1.0.1",
      "resolved": "https://registry.npmjs.org/path-is-absolute/-/path-is-absolute-1.0.1.tgz",
      "integrity": "sha1-F0uSaHNVNP+8es5r9TpanhtcX18=",
      "dev": true
    },
    "prismjs": {
      "version": "1.15.0",
      "resolved": "https://registry.npmjs.org/prismjs/-/prismjs-1.15.0.tgz",
      "integrity": "sha512-Lf2JrFYx8FanHrjoV5oL8YHCclLQgbJcVZR+gikGGMqz6ub5QVWDTM6YIwm3BuPxM/LOV+rKns3LssXNLIf+DA==",
      "dev": true,
      "requires": {
        "clipboard": "^2.0.0"
      }
    },
    "proto-list": {
      "version": "1.2.4",
      "resolved": "https://registry.npmjs.org/proto-list/-/proto-list-1.2.4.tgz",
      "integrity": "sha1-IS1b/hMYMGpCD2QCuOJv85ZHqEk="
    },
    "pseudomap": {
      "version": "1.0.2",
      "resolved": "https://registry.npmjs.org/pseudomap/-/pseudomap-1.0.2.tgz",
      "integrity": "sha1-8FKijacOYYkX7wqKw0wa5aaChrM="
    },
    "redux": {
      "version": "4.0.0",
      "resolved": "https://registry.npmjs.org/redux/-/redux-4.0.0.tgz",
      "integrity": "sha512-NnnHF0h0WVE/hXyrB6OlX67LYRuaf/rJcbWvnHHEPCF/Xa/AZpwhs/20WyqzQae5x4SD2F9nPObgBh2rxAgLiA==",
      "requires": {
        "loose-envify": "^1.1.0",
        "symbol-observable": "^1.2.0"
      }
    },
    "samsam": {
      "version": "1.1.2",
      "resolved": "https://registry.npmjs.org/samsam/-/samsam-1.1.2.tgz",
      "integrity": "sha1-vsEf3IOp/aBjQBIQ5AF2wwJNFWc=",
      "dev": true
    },
    "select": {
      "version": "1.1.2",
      "resolved": "https://registry.npmjs.org/select/-/select-1.1.2.tgz",
      "integrity": "sha1-DnNQrN7ICxEIUoeG7B1EGNEbOW0=",
      "dev": true,
      "optional": true
    },
    "semver": {
      "version": "5.5.0",
      "resolved": "https://registry.npmjs.org/semver/-/semver-5.5.0.tgz",
      "integrity": "sha512-4SJ3dm0WAwWy/NVeioZh5AntkdJoWKxHxcmyP622fOkgHa4z3R0TdBJICINyaSDE6uNwVc8gZr+ZinwZAH4xIA=="
    },
    "sigmund": {
      "version": "1.0.1",
      "resolved": "https://registry.npmjs.org/sigmund/-/sigmund-1.0.1.tgz",
      "integrity": "sha1-P/IfGYytIXX587eBhT/ZTQ0ZtZA="
    },
    "sinon": {
      "version": "1.17.7",
      "resolved": "https://registry.npmjs.org/sinon/-/sinon-1.17.7.tgz",
      "integrity": "sha1-RUKk9JugxFwF6y6d2dID4rjv4L8=",
      "dev": true,
      "requires": {
        "formatio": "1.1.1",
        "lolex": "1.3.2",
        "samsam": "1.1.2",
        "util": ">=0.10.3 <1"
      }
    },
    "sinon-chai": {
      "version": "2.14.0",
      "resolved": "https://registry.npmjs.org/sinon-chai/-/sinon-chai-2.14.0.tgz",
      "integrity": "sha512-9stIF1utB0ywNHNT7RgiXbdmen8QDCRsrTjw+G9TgKt1Yexjiv8TOWZ6WHsTPz57Yky3DIswZvEqX8fpuHNDtQ==",
      "dev": true
    },
    "stacky": {
      "version": "1.3.1",
      "resolved": "https://registry.npmjs.org/stacky/-/stacky-1.3.1.tgz",
      "integrity": "sha1-PxF+UYe5pz0j+HbWnwXIWxGAShI=",
      "dev": true,
      "requires": {
        "chalk": "^1.1.1",
        "lodash": "^3.0.0"
      }
    },
    "strip-ansi": {
      "version": "3.0.1",
      "resolved": "https://registry.npmjs.org/strip-ansi/-/strip-ansi-3.0.1.tgz",
      "integrity": "sha1-ajhfuIU9lS1f8F0Oiq+UJ43GPc8=",
      "dev": true,
      "requires": {
        "ansi-regex": "^2.0.0"
      }
    },
    "supports-color": {
      "version": "3.1.2",
      "resolved": "https://registry.npmjs.org/supports-color/-/supports-color-3.1.2.tgz",
      "integrity": "sha1-cqJiiU2dQIuVbKBf83su2KbiotU=",
      "dev": true,
      "requires": {
        "has-flag": "^1.0.0"
      }
    },
    "symbol-observable": {
      "version": "1.2.0",
      "resolved": "https://registry.npmjs.org/symbol-observable/-/symbol-observable-1.2.0.tgz",
      "integrity": "sha512-e900nM8RRtGhlV36KGEU9k65K3mPb1WV70OdjfxlG2EAuM1noi/E/BaW/uMhL7bPEssK8QV57vN3esixjUvcXQ=="
    },
    "tangy-form": {
      "version": "2.0.0",
      "resolved": "https://registry.npmjs.org/tangy-form/-/tangy-form-2.0.0.tgz",
      "integrity": "sha512-AcsjJQ4qfJzdq4bbh6PgakMFtU+x5RnEVKfna0tcTmzPDcBelF5uIjahakRwoeqM8T83zrwmTQxZL5aNbS4J5w==",
      "requires": {
        "@polymer/iron-icon": "^3.0.0-pre.18",
        "@polymer/iron-icons": "^3.0.0-pre.18",
        "@polymer/paper-button": "^3.0.0-pre.18",
        "@polymer/paper-card": "^3.0.0-pre.18",
        "@polymer/paper-checkbox": "^3.0.0-pre.18",
        "@polymer/paper-fab": "^3.0.0-pre.18",
        "@polymer/paper-icon-button": "^3.0.0-pre.18",
        "@polymer/paper-input": "^3.0.0-pre.18",
        "@polymer/paper-item": "^3.0.0-pre.18",
        "@polymer/paper-progress": "^3.0.0-pre.18",
        "@polymer/paper-radio-group": "^3.0.0-pre.18",
        "@polymer/paper-tabs": "^3.0.0-pre.18",
        "@polymer/polymer": "^3.0.0",
        "devtools-detect": "^2.2.0",
        "redux": "^4.0.0",
        "underscore": "^1.9.0"
      }
    },
    "tiny-emitter": {
      "version": "2.0.2",
      "resolved": "https://registry.npmjs.org/tiny-emitter/-/tiny-emitter-2.0.2.tgz",
      "integrity": "sha512-2NM0auVBGft5tee/OxP4PI3d8WItkDM+fPnaRAVo6xTDI2knbz9eC5ArWGqtGlYqiH3RU5yMpdyTTO7MguC4ow==",
      "dev": true,
      "optional": true
    },
    "type-detect": {
      "version": "1.0.0",
      "resolved": "https://registry.npmjs.org/type-detect/-/type-detect-1.0.0.tgz",
      "integrity": "sha1-diIXzAbbJY7EiQihKY6LlRIejqI=",
      "dev": true
    },
    "underscore": {
      "version": "1.9.1",
      "resolved": "https://registry.npmjs.org/underscore/-/underscore-1.9.1.tgz",
      "integrity": "sha512-5/4etnCkd9c8gwgowi5/om/mYO5ajCaOgdzj/oW+0eQV9WxKBDZw5+ycmKmeaTXjInS/W0BzpGLo2xR2aBwZdg=="
    },
    "util": {
      "version": "0.11.0",
      "resolved": "https://registry.npmjs.org/util/-/util-0.11.0.tgz",
      "integrity": "sha512-5n12uMzKCjvB2HPFHnbQSjaqAa98L5iIXmHrZCLavuZVe0qe/SJGbDGWlpaHk5lnBkWRDO+dRu1/PgmUYKPPTw==",
      "dev": true,
      "requires": {
        "inherits": "2.0.3"
      }
    },
    "wct-browser-legacy": {
      "version": "1.0.1",
      "resolved": "https://registry.npmjs.org/wct-browser-legacy/-/wct-browser-legacy-1.0.1.tgz",
      "integrity": "sha512-+HmZ5C2WNksNcti41ZihUL5b8ms8q6mOanXKK2jm3aBTnx7vqtkvdFPVJUbapglLWC0RReScBbhT0YuYbdoEOw==",
      "dev": true,
      "requires": {
        "@polymer/polymer": "^3.0.0",
        "@polymer/sinonjs": "^1.14.1",
        "@polymer/test-fixture": "^3.0.0-pre.1",
        "@webcomponents/webcomponentsjs": "^2.0.0",
        "accessibility-developer-tools": "^2.12.0",
        "async": "^1.5.2",
        "chai": "^3.5.0",
        "lodash": "^3.10.1",
        "mocha": "^3.4.2",
        "sinon": "^1.17.1",
        "sinon-chai": "^2.10.0",
        "stacky": "^1.3.1"
      }
    },
    "wrappy": {
      "version": "1.0.2",
      "resolved": "https://registry.npmjs.org/wrappy/-/wrappy-1.0.2.tgz",
      "integrity": "sha1-tSQ9jz7BqjXxNkYFvA0QNuMKtp8=",
      "dev": true
    }
  }
}
